// !$*UTF8*$!
{
	archiveVersion = 1;
	classes = {
	};
	objectVersion = 55;
	objects = {

/* Begin PBXBuildFile section */
		3315DB602929F0C500B859D4 /* DummyViewController.swift in Sources */ = {isa = PBXBuildFile; fileRef = 3315DB5F2929F0C500B859D4 /* DummyViewController.swift */; };
		3315DB63292A131700B859D4 /* LocalState.swift in Sources */ = {isa = PBXBuildFile; fileRef = 3315DB62292A131700B859D4 /* LocalState.swift */; };
		3315DB65292A304E00B859D4 /* UIViewController+Utils.swift in Sources */ = {isa = PBXBuildFile; fileRef = 3315DB64292A304E00B859D4 /* UIViewController+Utils.swift */; };
		3315DB67292A31A000B859D4 /* MainViewController.swift in Sources */ = {isa = PBXBuildFile; fileRef = 3315DB66292A31A000B859D4 /* MainViewController.swift */; };
		3315DB6A292A639B00B859D4 /* AccountSummaryViewController.swift in Sources */ = {isa = PBXBuildFile; fileRef = 3315DB69292A639B00B859D4 /* AccountSummaryViewController.swift */; };
		3315DB6C292A6AF600B859D4 /* AccountSummaryHeaderView.swift in Sources */ = {isa = PBXBuildFile; fileRef = 3315DB6B292A6AF600B859D4 /* AccountSummaryHeaderView.swift */; };
		3315DB6E292A6B2F00B859D4 /* AccountSummaryHeaderView.xib in Resources */ = {isa = PBXBuildFile; fileRef = 3315DB6D292A6B2F00B859D4 /* AccountSummaryHeaderView.xib */; };
		3315DB72292BAF8F00B859D4 /* AccountSummaryCell.swift in Sources */ = {isa = PBXBuildFile; fileRef = 3315DB71292BAF8F00B859D4 /* AccountSummaryCell.swift */; };
		3315DB74292BDBD000B859D4 /* Decimal+Utils.swift in Sources */ = {isa = PBXBuildFile; fileRef = 3315DB73292BDBD000B859D4 /* Decimal+Utils.swift */; };
		3315DB76292BDBE200B859D4 /* CurrencyFormatter.swift in Sources */ = {isa = PBXBuildFile; fileRef = 3315DB75292BDBE200B859D4 /* CurrencyFormatter.swift */; };
		3315DB85292C0E3300B859D4 /* CurrencyFormatterTests.swift in Sources */ = {isa = PBXBuildFile; fileRef = 3315DB84292C0E3300B859D4 /* CurrencyFormatterTests.swift */; };
		331B70822926588600C6E66C /* OnboardingContainerViewController.swift in Sources */ = {isa = PBXBuildFile; fileRef = 331B70812926588600C6E66C /* OnboardingContainerViewController.swift */; };
		331B70842926697700C6E66C /* OnboardingViewController.swift in Sources */ = {isa = PBXBuildFile; fileRef = 331B70832926697700C6E66C /* OnboardingViewController.swift */; };
		3343178A292CF05D006B5191 /* NSNotificationName.swift in Sources */ = {isa = PBXBuildFile; fileRef = 33431789292CF05D006B5191 /* NSNotificationName.swift */; };
		3343178C292E0A9F006B5191 /* UITextField+SecureToggle.swift in Sources */ = {isa = PBXBuildFile; fileRef = 3343178B292E0A9F006B5191 /* UITextField+SecureToggle.swift */; };
		3343178F292E29D4006B5191 /* ShakeyBellView.swift in Sources */ = {isa = PBXBuildFile; fileRef = 3343178E292E29D4006B5191 /* ShakeyBellView.swift */; };
		33431791292E4D95006B5191 /* Date+Utils.swift in Sources */ = {isa = PBXBuildFile; fileRef = 33431790292E4D95006B5191 /* Date+Utils.swift */; };
		33431793292E4EE1006B5191 /* AccountSummaryViewController+Networking.swift in Sources */ = {isa = PBXBuildFile; fileRef = 33431792292E4EE1006B5191 /* AccountSummaryViewController+Networking.swift */; };
		33431797292F6B47006B5191 /* ProfileTest.swift in Sources */ = {isa = PBXBuildFile; fileRef = 33431796292F6B47006B5191 /* ProfileTest.swift */; };
		33431799292F6D03006B5191 /* AccountTest.swift in Sources */ = {isa = PBXBuildFile; fileRef = 33431798292F6D03006B5191 /* AccountTest.swift */; };
		33690C8F293383650017A1F6 /* SkelatonLoadable.swift in Sources */ = {isa = PBXBuildFile; fileRef = 33690C8E293383650017A1F6 /* SkelatonLoadable.swift */; };
		33690C91293385820017A1F6 /* SkelatonCell.swift in Sources */ = {isa = PBXBuildFile; fileRef = 33690C90293385820017A1F6 /* SkelatonCell.swift */; };
		33690C942935006A0017A1F6 /* ProfileManager.swift in Sources */ = {isa = PBXBuildFile; fileRef = 33690C932935006A0017A1F6 /* ProfileManager.swift */; };
		33690C962935023A0017A1F6 /* AccountSummaryViewControllerTests.swift in Sources */ = {isa = PBXBuildFile; fileRef = 33690C952935023A0017A1F6 /* AccountSummaryViewControllerTests.swift */; };
		33D9EDA22925011800F7DF0D /* AppDelegate.swift in Sources */ = {isa = PBXBuildFile; fileRef = 33D9EDA12925011800F7DF0D /* AppDelegate.swift */; };
		33D9EDA62925011800F7DF0D /* LoginViewController.swift in Sources */ = {isa = PBXBuildFile; fileRef = 33D9EDA52925011800F7DF0D /* LoginViewController.swift */; };
		33D9EDAB2925011A00F7DF0D /* Assets.xcassets in Resources */ = {isa = PBXBuildFile; fileRef = 33D9EDAA2925011A00F7DF0D /* Assets.xcassets */; };
		33D9EDAE2925011A00F7DF0D /* LaunchScreen.storyboard in Resources */ = {isa = PBXBuildFile; fileRef = 33D9EDAC2925011A00F7DF0D /* LaunchScreen.storyboard */; };
		33D9EDB82925054000F7DF0D /* LoginView.swift in Sources */ = {isa = PBXBuildFile; fileRef = 33D9EDB72925054000F7DF0D /* LoginView.swift */; };
/* End PBXBuildFile section */

/* Begin PBXContainerItemProxy section */
		3315DB7F292C0D6A00B859D4 /* PBXContainerItemProxy */ = {
			isa = PBXContainerItemProxy;
			containerPortal = 33D9ED962925011800F7DF0D /* Project object */;
			proxyType = 1;
			remoteGlobalIDString = 33D9ED9D2925011800F7DF0D;
			remoteInfo = Bankey;
		};
/* End PBXContainerItemProxy section */

/* Begin PBXFileReference section */
		3315DB5F2929F0C500B859D4 /* DummyViewController.swift */ = {isa = PBXFileReference; lastKnownFileType = sourcecode.swift; path = DummyViewController.swift; sourceTree = "<group>"; };
		3315DB62292A131700B859D4 /* LocalState.swift */ = {isa = PBXFileReference; lastKnownFileType = sourcecode.swift; path = LocalState.swift; sourceTree = "<group>"; };
		3315DB64292A304E00B859D4 /* UIViewController+Utils.swift */ = {isa = PBXFileReference; lastKnownFileType = sourcecode.swift; path = "UIViewController+Utils.swift"; sourceTree = "<group>"; };
		3315DB66292A31A000B859D4 /* MainViewController.swift */ = {isa = PBXFileReference; lastKnownFileType = sourcecode.swift; path = MainViewController.swift; sourceTree = "<group>"; };
		3315DB69292A639B00B859D4 /* AccountSummaryViewController.swift */ = {isa = PBXFileReference; lastKnownFileType = sourcecode.swift; path = AccountSummaryViewController.swift; sourceTree = "<group>"; };
		3315DB6B292A6AF600B859D4 /* AccountSummaryHeaderView.swift */ = {isa = PBXFileReference; lastKnownFileType = sourcecode.swift; path = AccountSummaryHeaderView.swift; sourceTree = "<group>"; };
		3315DB6D292A6B2F00B859D4 /* AccountSummaryHeaderView.xib */ = {isa = PBXFileReference; lastKnownFileType = file.xib; path = AccountSummaryHeaderView.xib; sourceTree = "<group>"; };
		3315DB71292BAF8F00B859D4 /* AccountSummaryCell.swift */ = {isa = PBXFileReference; lastKnownFileType = sourcecode.swift; path = AccountSummaryCell.swift; sourceTree = "<group>"; };
		3315DB73292BDBD000B859D4 /* Decimal+Utils.swift */ = {isa = PBXFileReference; lastKnownFileType = sourcecode.swift; path = "Decimal+Utils.swift"; sourceTree = "<group>"; };
		3315DB75292BDBE200B859D4 /* CurrencyFormatter.swift */ = {isa = PBXFileReference; lastKnownFileType = sourcecode.swift; path = CurrencyFormatter.swift; sourceTree = "<group>"; };
		3315DB7B292C0D6A00B859D4 /* BankeyUnitTests.xctest */ = {isa = PBXFileReference; explicitFileType = wrapper.cfbundle; includeInIndex = 0; path = BankeyUnitTests.xctest; sourceTree = BUILT_PRODUCTS_DIR; };
		3315DB84292C0E3300B859D4 /* CurrencyFormatterTests.swift */ = {isa = PBXFileReference; lastKnownFileType = sourcecode.swift; path = CurrencyFormatterTests.swift; sourceTree = "<group>"; };
		331B70812926588600C6E66C /* OnboardingContainerViewController.swift */ = {isa = PBXFileReference; lastKnownFileType = sourcecode.swift; path = OnboardingContainerViewController.swift; sourceTree = "<group>"; };
		331B70832926697700C6E66C /* OnboardingViewController.swift */ = {isa = PBXFileReference; lastKnownFileType = sourcecode.swift; path = OnboardingViewController.swift; sourceTree = "<group>"; };
		33431789292CF05D006B5191 /* NSNotificationName.swift */ = {isa = PBXFileReference; lastKnownFileType = sourcecode.swift; path = NSNotificationName.swift; sourceTree = "<group>"; };
		3343178B292E0A9F006B5191 /* UITextField+SecureToggle.swift */ = {isa = PBXFileReference; lastKnownFileType = sourcecode.swift; path = "UITextField+SecureToggle.swift"; sourceTree = "<group>"; };
		3343178E292E29D4006B5191 /* ShakeyBellView.swift */ = {isa = PBXFileReference; lastKnownFileType = sourcecode.swift; path = ShakeyBellView.swift; sourceTree = "<group>"; };
		33431790292E4D95006B5191 /* Date+Utils.swift */ = {isa = PBXFileReference; lastKnownFileType = sourcecode.swift; path = "Date+Utils.swift"; sourceTree = "<group>"; };
		33431792292E4EE1006B5191 /* AccountSummaryViewController+Networking.swift */ = {isa = PBXFileReference; lastKnownFileType = sourcecode.swift; path = "AccountSummaryViewController+Networking.swift"; sourceTree = "<group>"; };
		33431796292F6B47006B5191 /* ProfileTest.swift */ = {isa = PBXFileReference; lastKnownFileType = sourcecode.swift; path = ProfileTest.swift; sourceTree = "<group>"; };
		33431798292F6D03006B5191 /* AccountTest.swift */ = {isa = PBXFileReference; lastKnownFileType = sourcecode.swift; path = AccountTest.swift; sourceTree = "<group>"; };
		33690C8E293383650017A1F6 /* SkelatonLoadable.swift */ = {isa = PBXFileReference; lastKnownFileType = sourcecode.swift; path = SkelatonLoadable.swift; sourceTree = "<group>"; };
		33690C90293385820017A1F6 /* SkelatonCell.swift */ = {isa = PBXFileReference; lastKnownFileType = sourcecode.swift; path = SkelatonCell.swift; sourceTree = "<group>"; };
		33690C932935006A0017A1F6 /* ProfileManager.swift */ = {isa = PBXFileReference; lastKnownFileType = sourcecode.swift; path = ProfileManager.swift; sourceTree = "<group>"; };
		33690C952935023A0017A1F6 /* AccountSummaryViewControllerTests.swift */ = {isa = PBXFileReference; lastKnownFileType = sourcecode.swift; path = AccountSummaryViewControllerTests.swift; sourceTree = "<group>"; };
		33D9ED9E2925011800F7DF0D /* Bankey.app */ = {isa = PBXFileReference; explicitFileType = wrapper.application; includeInIndex = 0; path = Bankey.app; sourceTree = BUILT_PRODUCTS_DIR; };
		33D9EDA12925011800F7DF0D /* AppDelegate.swift */ = {isa = PBXFileReference; lastKnownFileType = sourcecode.swift; path = AppDelegate.swift; sourceTree = "<group>"; };
		33D9EDA52925011800F7DF0D /* LoginViewController.swift */ = {isa = PBXFileReference; lastKnownFileType = sourcecode.swift; path = LoginViewController.swift; sourceTree = "<group>"; };
		33D9EDAA2925011A00F7DF0D /* Assets.xcassets */ = {isa = PBXFileReference; lastKnownFileType = folder.assetcatalog; path = Assets.xcassets; sourceTree = "<group>"; };
		33D9EDAD2925011A00F7DF0D /* Base */ = {isa = PBXFileReference; lastKnownFileType = file.storyboard; name = Base; path = Base.lproj/LaunchScreen.storyboard; sourceTree = "<group>"; };
		33D9EDAF2925011A00F7DF0D /* Info.plist */ = {isa = PBXFileReference; lastKnownFileType = text.plist.xml; path = Info.plist; sourceTree = "<group>"; };
		33D9EDB72925054000F7DF0D /* LoginView.swift */ = {isa = PBXFileReference; lastKnownFileType = sourcecode.swift; path = LoginView.swift; sourceTree = "<group>"; };
/* End PBXFileReference section */

/* Begin PBXFrameworksBuildPhase section */
		3315DB78292C0D6A00B859D4 /* Frameworks */ = {
			isa = PBXFrameworksBuildPhase;
			buildActionMask = 2147483647;
			files = (
			);
			runOnlyForDeploymentPostprocessing = 0;
		};
		33D9ED9B2925011800F7DF0D /* Frameworks */ = {
			isa = PBXFrameworksBuildPhase;
			buildActionMask = 2147483647;
			files = (
			);
			runOnlyForDeploymentPostprocessing = 0;
		};
/* End PBXFrameworksBuildPhase section */

/* Begin PBXGroup section */
		3315DB61292A130700B859D4 /* Utils */ = {
			isa = PBXGroup;
			children = (
				3315DB64292A304E00B859D4 /* UIViewController+Utils.swift */,
				3315DB73292BDBD000B859D4 /* Decimal+Utils.swift */,
				3343178B292E0A9F006B5191 /* UITextField+SecureToggle.swift */,
				3315DB62292A131700B859D4 /* LocalState.swift */,
				3315DB75292BDBE200B859D4 /* CurrencyFormatter.swift */,
				33431789292CF05D006B5191 /* NSNotificationName.swift */,
				33431790292E4D95006B5191 /* Date+Utils.swift */,
			);
			path = Utils;
			sourceTree = "<group>";
		};
		3315DB68292A636D00B859D4 /* AccountSummary */ = {
			isa = PBXGroup;
			children = (
				33690C92293500570017A1F6 /* Networking */,
				3315DB69292A639B00B859D4 /* AccountSummaryViewController.swift */,
				33431792292E4EE1006B5191 /* AccountSummaryViewController+Networking.swift */,
				3315DB6F292BAF4D00B859D4 /* Header */,
				3315DB70292BAF6B00B859D4 /* Cells */,
			);
			path = AccountSummary;
			sourceTree = "<group>";
		};
		3315DB6F292BAF4D00B859D4 /* Header */ = {
			isa = PBXGroup;
			children = (
				3315DB6B292A6AF600B859D4 /* AccountSummaryHeaderView.swift */,
				3315DB6D292A6B2F00B859D4 /* AccountSummaryHeaderView.xib */,
			);
			path = Header;
			sourceTree = "<group>";
		};
		3315DB70292BAF6B00B859D4 /* Cells */ = {
			isa = PBXGroup;
			children = (
				3315DB71292BAF8F00B859D4 /* AccountSummaryCell.swift */,
				33690C8E293383650017A1F6 /* SkelatonLoadable.swift */,
				33690C90293385820017A1F6 /* SkelatonCell.swift */,
			);
			path = Cells;
			sourceTree = "<group>";
		};
		3315DB7C292C0D6A00B859D4 /* BankeyUnitTests */ = {
			isa = PBXGroup;
			children = (
				33431795292F6B32006B5191 /* AccountSummary */,
				33431794292F6B23006B5191 /* Utils */,
			);
			path = BankeyUnitTests;
			sourceTree = "<group>";
		};
		331B70802926587000C6E66C /* Onboarding */ = {
			isa = PBXGroup;
			children = (
				331B70812926588600C6E66C /* OnboardingContainerViewController.swift */,
				331B70832926697700C6E66C /* OnboardingViewController.swift */,
			);
			path = Onboarding;
			sourceTree = "<group>";
		};
		3343178D292E29B6006B5191 /* Components */ = {
			isa = PBXGroup;
			children = (
				3343178E292E29D4006B5191 /* ShakeyBellView.swift */,
			);
			path = Components;
			sourceTree = "<group>";
		};
		33431794292F6B23006B5191 /* Utils */ = {
			isa = PBXGroup;
			children = (
				3315DB84292C0E3300B859D4 /* CurrencyFormatterTests.swift */,
			);
			path = Utils;
			sourceTree = "<group>";
		};
		33431795292F6B32006B5191 /* AccountSummary */ = {
			isa = PBXGroup;
			children = (
				33431796292F6B47006B5191 /* ProfileTest.swift */,
				33431798292F6D03006B5191 /* AccountTest.swift */,
				33690C952935023A0017A1F6 /* AccountSummaryViewControllerTests.swift */,
			);
			path = AccountSummary;
			sourceTree = "<group>";
		};
		33690C92293500570017A1F6 /* Networking */ = {
			isa = PBXGroup;
			children = (
				33690C932935006A0017A1F6 /* ProfileManager.swift */,
			);
			path = Networking;
			sourceTree = "<group>";
		};
		33D9ED952925011800F7DF0D = {
			isa = PBXGroup;
			children = (
				33D9EDA02925011800F7DF0D /* Bankey */,
				3315DB7C292C0D6A00B859D4 /* BankeyUnitTests */,
				33D9ED9F2925011800F7DF0D /* Products */,
			);
			sourceTree = "<group>";
		};
		33D9ED9F2925011800F7DF0D /* Products */ = {
			isa = PBXGroup;
			children = (
				33D9ED9E2925011800F7DF0D /* Bankey.app */,
				3315DB7B292C0D6A00B859D4 /* BankeyUnitTests.xctest */,
			);
			name = Products;
			sourceTree = "<group>";
		};
		33D9EDA02925011800F7DF0D /* Bankey */ = {
			isa = PBXGroup;
			children = (
				3343178D292E29B6006B5191 /* Components */,
				33D9EDA12925011800F7DF0D /* AppDelegate.swift */,
				3315DB66292A31A000B859D4 /* MainViewController.swift */,
				33D9EDB62925051000F7DF0D /* Login */,
				331B70802926587000C6E66C /* Onboarding */,
				3315DB68292A636D00B859D4 /* AccountSummary */,
				3315DB61292A130700B859D4 /* Utils */,
				33D9EDB5292504BA00F7DF0D /* Files */,
			);
			path = Bankey;
			sourceTree = "<group>";
		};
		33D9EDB5292504BA00F7DF0D /* Files */ = {
			isa = PBXGroup;
			children = (
				33D9EDAA2925011A00F7DF0D /* Assets.xcassets */,
				33D9EDAC2925011A00F7DF0D /* LaunchScreen.storyboard */,
				33D9EDAF2925011A00F7DF0D /* Info.plist */,
			);
			name = Files;
			sourceTree = "<group>";
		};
		33D9EDB62925051000F7DF0D /* Login */ = {
			isa = PBXGroup;
			children = (
				33D9EDA52925011800F7DF0D /* LoginViewController.swift */,
				33D9EDB72925054000F7DF0D /* LoginView.swift */,
				3315DB5F2929F0C500B859D4 /* DummyViewController.swift */,
			);
			path = Login;
			sourceTree = "<group>";
		};
/* End PBXGroup section */

/* Begin PBXNativeTarget section */
		3315DB7A292C0D6A00B859D4 /* BankeyUnitTests */ = {
			isa = PBXNativeTarget;
			buildConfigurationList = 3315DB81292C0D6A00B859D4 /* Build configuration list for PBXNativeTarget "BankeyUnitTests" */;
			buildPhases = (
				3315DB77292C0D6A00B859D4 /* Sources */,
				3315DB78292C0D6A00B859D4 /* Frameworks */,
				3315DB79292C0D6A00B859D4 /* Resources */,
			);
			buildRules = (
			);
			dependencies = (
				3315DB80292C0D6A00B859D4 /* PBXTargetDependency */,
			);
			name = BankeyUnitTests;
			productName = BankeyUnitTests;
			productReference = 3315DB7B292C0D6A00B859D4 /* BankeyUnitTests.xctest */;
			productType = "com.apple.product-type.bundle.unit-test";
		};
		33D9ED9D2925011800F7DF0D /* Bankey */ = {
			isa = PBXNativeTarget;
			buildConfigurationList = 33D9EDB22925011A00F7DF0D /* Build configuration list for PBXNativeTarget "Bankey" */;
			buildPhases = (
				33D9ED9A2925011800F7DF0D /* Sources */,
				33D9ED9B2925011800F7DF0D /* Frameworks */,
				33D9ED9C2925011800F7DF0D /* Resources */,
			);
			buildRules = (
			);
			dependencies = (
			);
			name = Bankey;
			productName = Bankey;
			productReference = 33D9ED9E2925011800F7DF0D /* Bankey.app */;
			productType = "com.apple.product-type.application";
		};
/* End PBXNativeTarget section */

/* Begin PBXProject section */
		33D9ED962925011800F7DF0D /* Project object */ = {
			isa = PBXProject;
			attributes = {
				BuildIndependentTargetsInParallel = 1;
				LastSwiftUpdateCheck = 1310;
				LastUpgradeCheck = 1310;
				TargetAttributes = {
					3315DB7A292C0D6A00B859D4 = {
						CreatedOnToolsVersion = 13.1;
						LastSwiftMigration = 1310;
						TestTargetID = 33D9ED9D2925011800F7DF0D;
					};
					33D9ED9D2925011800F7DF0D = {
						CreatedOnToolsVersion = 13.1;
					};
				};
			};
			buildConfigurationList = 33D9ED992925011800F7DF0D /* Build configuration list for PBXProject "Bankey" */;
			compatibilityVersion = "Xcode 13.0";
			developmentRegion = en;
			hasScannedForEncodings = 0;
			knownRegions = (
				en,
				Base,
			);
			mainGroup = 33D9ED952925011800F7DF0D;
			productRefGroup = 33D9ED9F2925011800F7DF0D /* Products */;
			projectDirPath = "";
			projectRoot = "";
			targets = (
				33D9ED9D2925011800F7DF0D /* Bankey */,
				3315DB7A292C0D6A00B859D4 /* BankeyUnitTests */,
			);
		};
/* End PBXProject section */

/* Begin PBXResourcesBuildPhase section */
		3315DB79292C0D6A00B859D4 /* Resources */ = {
			isa = PBXResourcesBuildPhase;
			buildActionMask = 2147483647;
			files = (
			);
			runOnlyForDeploymentPostprocessing = 0;
		};
		33D9ED9C2925011800F7DF0D /* Resources */ = {
			isa = PBXResourcesBuildPhase;
			buildActionMask = 2147483647;
			files = (
				3315DB6E292A6B2F00B859D4 /* AccountSummaryHeaderView.xib in Resources */,
				33D9EDAE2925011A00F7DF0D /* LaunchScreen.storyboard in Resources */,
				33D9EDAB2925011A00F7DF0D /* Assets.xcassets in Resources */,
			);
			runOnlyForDeploymentPostprocessing = 0;
		};
/* End PBXResourcesBuildPhase section */

/* Begin PBXSourcesBuildPhase section */
		3315DB77292C0D6A00B859D4 /* Sources */ = {
			isa = PBXSourcesBuildPhase;
			buildActionMask = 2147483647;
			files = (
				3315DB85292C0E3300B859D4 /* CurrencyFormatterTests.swift in Sources */,
				33431799292F6D03006B5191 /* AccountTest.swift in Sources */,
				33431797292F6B47006B5191 /* ProfileTest.swift in Sources */,
				33690C962935023A0017A1F6 /* AccountSummaryViewControllerTests.swift in Sources */,
			);
			runOnlyForDeploymentPostprocessing = 0;
		};
		33D9ED9A2925011800F7DF0D /* Sources */ = {
			isa = PBXSourcesBuildPhase;
			buildActionMask = 2147483647;
			files = (
				3315DB65292A304E00B859D4 /* UIViewController+Utils.swift in Sources */,
				33690C91293385820017A1F6 /* SkelatonCell.swift in Sources */,
				33431791292E4D95006B5191 /* Date+Utils.swift in Sources */,
				33690C942935006A0017A1F6 /* ProfileManager.swift in Sources */,
				33D9EDB82925054000F7DF0D /* LoginView.swift in Sources */,
				3315DB63292A131700B859D4 /* LocalState.swift in Sources */,
				3315DB6C292A6AF600B859D4 /* AccountSummaryHeaderView.swift in Sources */,
				3343178C292E0A9F006B5191 /* UITextField+SecureToggle.swift in Sources */,
				3315DB602929F0C500B859D4 /* DummyViewController.swift in Sources */,
				3315DB76292BDBE200B859D4 /* CurrencyFormatter.swift in Sources */,
				33D9EDA62925011800F7DF0D /* LoginViewController.swift in Sources */,
				3343178A292CF05D006B5191 /* NSNotificationName.swift in Sources */,
				33690C8F293383650017A1F6 /* SkelatonLoadable.swift in Sources */,
				3315DB74292BDBD000B859D4 /* Decimal+Utils.swift in Sources */,
				3343178F292E29D4006B5191 /* ShakeyBellView.swift in Sources */,
				3315DB72292BAF8F00B859D4 /* AccountSummaryCell.swift in Sources */,
				331B70842926697700C6E66C /* OnboardingViewController.swift in Sources */,
				3315DB67292A31A000B859D4 /* MainViewController.swift in Sources */,
				3315DB6A292A639B00B859D4 /* AccountSummaryViewController.swift in Sources */,
				33D9EDA22925011800F7DF0D /* AppDelegate.swift in Sources */,
				331B70822926588600C6E66C /* OnboardingContainerViewController.swift in Sources */,
				33431793292E4EE1006B5191 /* AccountSummaryViewController+Networking.swift in Sources */,
			);
			runOnlyForDeploymentPostprocessing = 0;
		};
/* End PBXSourcesBuildPhase section */

/* Begin PBXTargetDependency section */
		3315DB80292C0D6A00B859D4 /* PBXTargetDependency */ = {
			isa = PBXTargetDependency;
			target = 33D9ED9D2925011800F7DF0D /* Bankey */;
			targetProxy = 3315DB7F292C0D6A00B859D4 /* PBXContainerItemProxy */;
		};
/* End PBXTargetDependency section */

/* Begin PBXVariantGroup section */
		33D9EDAC2925011A00F7DF0D /* LaunchScreen.storyboard */ = {
			isa = PBXVariantGroup;
			children = (
				33D9EDAD2925011A00F7DF0D /* Base */,
			);
			name = LaunchScreen.storyboard;
			sourceTree = "<group>";
		};
/* End PBXVariantGroup section */

/* Begin XCBuildConfiguration section */
		3315DB82292C0D6A00B859D4 /* Debug */ = {
			isa = XCBuildConfiguration;
			buildSettings = {
				BUNDLE_LOADER = "$(TEST_HOST)";
				CLANG_ENABLE_MODULES = YES;
				CODE_SIGN_STYLE = Automatic;
				CURRENT_PROJECT_VERSION = 1;
				GENERATE_INFOPLIST_FILE = YES;
				LD_RUNPATH_SEARCH_PATHS = (
					"$(inherited)",
					"@executable_path/Frameworks",
					"@loader_path/Frameworks",
				);
				MARKETING_VERSION = 1.0;
				PRODUCT_BUNDLE_IDENTIFIER = com.perdanatech.BankeyUnitTests;
				PRODUCT_NAME = "$(TARGET_NAME)";
				SWIFT_EMIT_LOC_STRINGS = NO;
				SWIFT_OPTIMIZATION_LEVEL = "-Onone";
				SWIFT_VERSION = 5.0;
				TARGETED_DEVICE_FAMILY = "1,2";
				TEST_HOST = "$(BUILT_PRODUCTS_DIR)/Bankey.app/Bankey";
			};
			name = Debug;
		};
		3315DB83292C0D6A00B859D4 /* Release */ = {
			isa = XCBuildConfiguration;
			buildSettings = {
				BUNDLE_LOADER = "$(TEST_HOST)";
				CLANG_ENABLE_MODULES = YES;
				CODE_SIGN_STYLE = Automatic;
				CURRENT_PROJECT_VERSION = 1;
				GENERATE_INFOPLIST_FILE = YES;
				LD_RUNPATH_SEARCH_PATHS = (
					"$(inherited)",
					"@executable_path/Frameworks",
					"@loader_path/Frameworks",
				);
				MARKETING_VERSION = 1.0;
				PRODUCT_BUNDLE_IDENTIFIER = com.perdanatech.BankeyUnitTests;
				PRODUCT_NAME = "$(TARGET_NAME)";
				SWIFT_EMIT_LOC_STRINGS = NO;
				SWIFT_VERSION = 5.0;
				TARGETED_DEVICE_FAMILY = "1,2";
				TEST_HOST = "$(BUILT_PRODUCTS_DIR)/Bankey.app/Bankey";
			};
			name = Release;
		};
		33D9EDB02925011A00F7DF0D /* Debug */ = {
			isa = XCBuildConfiguration;
			buildSettings = {
				ALWAYS_SEARCH_USER_PATHS = NO;
				CLANG_ANALYZER_NONNULL = YES;
				CLANG_ANALYZER_NUMBER_OBJECT_CONVERSION = YES_AGGRESSIVE;
				CLANG_CXX_LANGUAGE_STANDARD = "gnu++17";
				CLANG_CXX_LIBRARY = "libc++";
				CLANG_ENABLE_MODULES = YES;
				CLANG_ENABLE_OBJC_ARC = YES;
				CLANG_ENABLE_OBJC_WEAK = YES;
				CLANG_WARN_BLOCK_CAPTURE_AUTORELEASING = YES;
				CLANG_WARN_BOOL_CONVERSION = YES;
				CLANG_WARN_COMMA = YES;
				CLANG_WARN_CONSTANT_CONVERSION = YES;
				CLANG_WARN_DEPRECATED_OBJC_IMPLEMENTATIONS = YES;
				CLANG_WARN_DIRECT_OBJC_ISA_USAGE = YES_ERROR;
				CLANG_WARN_DOCUMENTATION_COMMENTS = YES;
				CLANG_WARN_EMPTY_BODY = YES;
				CLANG_WARN_ENUM_CONVERSION = YES;
				CLANG_WARN_INFINITE_RECURSION = YES;
				CLANG_WARN_INT_CONVERSION = YES;
				CLANG_WARN_NON_LITERAL_NULL_CONVERSION = YES;
				CLANG_WARN_OBJC_IMPLICIT_RETAIN_SELF = YES;
				CLANG_WARN_OBJC_LITERAL_CONVERSION = YES;
				CLANG_WARN_OBJC_ROOT_CLASS = YES_ERROR;
				CLANG_WARN_QUOTED_INCLUDE_IN_FRAMEWORK_HEADER = YES;
				CLANG_WARN_RANGE_LOOP_ANALYSIS = YES;
				CLANG_WARN_STRICT_PROTOTYPES = YES;
				CLANG_WARN_SUSPICIOUS_MOVE = YES;
				CLANG_WARN_UNGUARDED_AVAILABILITY = YES_AGGRESSIVE;
				CLANG_WARN_UNREACHABLE_CODE = YES;
				CLANG_WARN__DUPLICATE_METHOD_MATCH = YES;
				COPY_PHASE_STRIP = NO;
				DEBUG_INFORMATION_FORMAT = dwarf;
				ENABLE_STRICT_OBJC_MSGSEND = YES;
				ENABLE_TESTABILITY = YES;
				GCC_C_LANGUAGE_STANDARD = gnu11;
				GCC_DYNAMIC_NO_PIC = NO;
				GCC_NO_COMMON_BLOCKS = YES;
				GCC_OPTIMIZATION_LEVEL = 0;
				GCC_PREPROCESSOR_DEFINITIONS = (
					"DEBUG=1",
					"$(inherited)",
				);
				GCC_WARN_64_TO_32_BIT_CONVERSION = YES;
				GCC_WARN_ABOUT_RETURN_TYPE = YES_ERROR;
				GCC_WARN_UNDECLARED_SELECTOR = YES;
				GCC_WARN_UNINITIALIZED_AUTOS = YES_AGGRESSIVE;
				GCC_WARN_UNUSED_FUNCTION = YES;
				GCC_WARN_UNUSED_VARIABLE = YES;
				IPHONEOS_DEPLOYMENT_TARGET = 15.0;
				MTL_ENABLE_DEBUG_INFO = INCLUDE_SOURCE;
				MTL_FAST_MATH = YES;
				ONLY_ACTIVE_ARCH = YES;
				SDKROOT = iphoneos;
				SWIFT_ACTIVE_COMPILATION_CONDITIONS = DEBUG;
				SWIFT_OPTIMIZATION_LEVEL = "-Onone";
			};
			name = Debug;
		};
		33D9EDB12925011A00F7DF0D /* Release */ = {
			isa = XCBuildConfiguration;
			buildSettings = {
				ALWAYS_SEARCH_USER_PATHS = NO;
				CLANG_ANALYZER_NONNULL = YES;
				CLANG_ANALYZER_NUMBER_OBJECT_CONVERSION = YES_AGGRESSIVE;
				CLANG_CXX_LANGUAGE_STANDARD = "gnu++17";
				CLANG_CXX_LIBRARY = "libc++";
				CLANG_ENABLE_MODULES = YES;
				CLANG_ENABLE_OBJC_ARC = YES;
				CLANG_ENABLE_OBJC_WEAK = YES;
				CLANG_WARN_BLOCK_CAPTURE_AUTORELEASING = YES;
				CLANG_WARN_BOOL_CONVERSION = YES;
				CLANG_WARN_COMMA = YES;
				CLANG_WARN_CONSTANT_CONVERSION = YES;
				CLANG_WARN_DEPRECATED_OBJC_IMPLEMENTATIONS = YES;
				CLANG_WARN_DIRECT_OBJC_ISA_USAGE = YES_ERROR;
				CLANG_WARN_DOCUMENTATION_COMMENTS = YES;
				CLANG_WARN_EMPTY_BODY = YES;
				CLANG_WARN_ENUM_CONVERSION = YES;
				CLANG_WARN_INFINITE_RECURSION = YES;
				CLANG_WARN_INT_CONVERSION = YES;
				CLANG_WARN_NON_LITERAL_NULL_CONVERSION = YES;
				CLANG_WARN_OBJC_IMPLICIT_RETAIN_SELF = YES;
				CLANG_WARN_OBJC_LITERAL_CONVERSION = YES;
				CLANG_WARN_OBJC_ROOT_CLASS = YES_ERROR;
				CLANG_WARN_QUOTED_INCLUDE_IN_FRAMEWORK_HEADER = YES;
				CLANG_WARN_RANGE_LOOP_ANALYSIS = YES;
				CLANG_WARN_STRICT_PROTOTYPES = YES;
				CLANG_WARN_SUSPICIOUS_MOVE = YES;
				CLANG_WARN_UNGUARDED_AVAILABILITY = YES_AGGRESSIVE;
				CLANG_WARN_UNREACHABLE_CODE = YES;
				CLANG_WARN__DUPLICATE_METHOD_MATCH = YES;
				COPY_PHASE_STRIP = NO;
				DEBUG_INFORMATION_FORMAT = "dwarf-with-dsym";
				ENABLE_NS_ASSERTIONS = NO;
				ENABLE_STRICT_OBJC_MSGSEND = YES;
				GCC_C_LANGUAGE_STANDARD = gnu11;
				GCC_NO_COMMON_BLOCKS = YES;
				GCC_WARN_64_TO_32_BIT_CONVERSION = YES;
				GCC_WARN_ABOUT_RETURN_TYPE = YES_ERROR;
				GCC_WARN_UNDECLARED_SELECTOR = YES;
				GCC_WARN_UNINITIALIZED_AUTOS = YES_AGGRESSIVE;
				GCC_WARN_UNUSED_FUNCTION = YES;
				GCC_WARN_UNUSED_VARIABLE = YES;
				IPHONEOS_DEPLOYMENT_TARGET = 15.0;
				MTL_ENABLE_DEBUG_INFO = NO;
				MTL_FAST_MATH = YES;
				SDKROOT = iphoneos;
				SWIFT_COMPILATION_MODE = wholemodule;
				SWIFT_OPTIMIZATION_LEVEL = "-O";
				VALIDATE_PRODUCT = YES;
			};
			name = Release;
		};
		33D9EDB32925011A00F7DF0D /* Debug */ = {
			isa = XCBuildConfiguration;
			buildSettings = {
				ASSETCATALOG_COMPILER_APPICON_NAME = AppIcon;
				ASSETCATALOG_COMPILER_GLOBAL_ACCENT_COLOR_NAME = AccentColor;
				CODE_SIGN_STYLE = Automatic;
				CURRENT_PROJECT_VERSION = 1;
				GENERATE_INFOPLIST_FILE = YES;
				INFOPLIST_FILE = Bankey/Info.plist;
				INFOPLIST_KEY_UIApplicationSupportsIndirectInputEvents = YES;
				INFOPLIST_KEY_UILaunchStoryboardName = LaunchScreen;
				INFOPLIST_KEY_UISupportedInterfaceOrientations_iPad = "UIInterfaceOrientationPortrait UIInterfaceOrientationPortraitUpsideDown UIInterfaceOrientationLandscapeLeft UIInterfaceOrientationLandscapeRight";
				INFOPLIST_KEY_UISupportedInterfaceOrientations_iPhone = "UIInterfaceOrientationPortrait UIInterfaceOrientationLandscapeLeft UIInterfaceOrientationLandscapeRight";
				LD_RUNPATH_SEARCH_PATHS = (
					"$(inherited)",
					"@executable_path/Frameworks",
				);
				MARKETING_VERSION = 1.0;
				PRODUCT_BUNDLE_IDENTIFIER = com.perdanatech.Bankey;
				PRODUCT_NAME = "$(TARGET_NAME)";
				SWIFT_EMIT_LOC_STRINGS = YES;
				SWIFT_VERSION = 5.0;
				TARGETED_DEVICE_FAMILY = "1,2";
			};
			name = Debug;
		};
		33D9EDB42925011A00F7DF0D /* Release */ = {
			isa = XCBuildConfiguration;
			buildSettings = {
				ASSETCATALOG_COMPILER_APPICON_NAME = AppIcon;
				ASSETCATALOG_COMPILER_GLOBAL_ACCENT_COLOR_NAME = AccentColor;
				CODE_SIGN_STYLE = Automatic;
				CURRENT_PROJECT_VERSION = 1;
				GENERATE_INFOPLIST_FILE = YES;
				INFOPLIST_FILE = Bankey/Info.plist;
				INFOPLIST_KEY_UIApplicationSupportsIndirectInputEvents = YES;
				INFOPLIST_KEY_UILaunchStoryboardName = LaunchScreen;
				INFOPLIST_KEY_UISupportedInterfaceOrientations_iPad = "UIInterfaceOrientationPortrait UIInterfaceOrientationPortraitUpsideDown UIInterfaceOrientationLandscapeLeft UIInterfaceOrientationLandscapeRight";
				INFOPLIST_KEY_UISupportedInterfaceOrientations_iPhone = "UIInterfaceOrientationPortrait UIInterfaceOrientationLandscapeLeft UIInterfaceOrientationLandscapeRight";
				LD_RUNPATH_SEARCH_PATHS = (
					"$(inherited)",
					"@executable_path/Frameworks",
				);
				MARKETING_VERSION = 1.0;
				PRODUCT_BUNDLE_IDENTIFIER = com.perdanatech.Bankey;
				PRODUCT_NAME = "$(TARGET_NAME)";
				SWIFT_EMIT_LOC_STRINGS = YES;
				SWIFT_VERSION = 5.0;
				TARGETED_DEVICE_FAMILY = "1,2";
			};
			name = Release;
		};
/* End XCBuildConfiguration section */

/* Begin XCConfigurationList section */
		3315DB81292C0D6A00B859D4 /* Build configuration list for PBXNativeTarget "BankeyUnitTests" */ = {
			isa = XCConfigurationList;
			buildConfigurations = (
				3315DB82292C0D6A00B859D4 /* Debug */,
				3315DB83292C0D6A00B859D4 /* Release */,
			);
			defaultConfigurationIsVisible = 0;
			defaultConfigurationName = Release;
		};
		33D9ED992925011800F7DF0D /* Build configuration list for PBXProject "Bankey" */ = {
			isa = XCConfigurationList;
			buildConfigurations = (
				33D9EDB02925011A00F7DF0D /* Debug */,
				33D9EDB12925011A00F7DF0D /* Release */,
			);
			defaultConfigurationIsVisible = 0;
			defaultConfigurationName = Release;
		};
		33D9EDB22925011A00F7DF0D /* Build configuration list for PBXNativeTarget "Bankey" */ = {
			isa = XCConfigurationList;
			buildConfigurations = (
				33D9EDB32925011A00F7DF0D /* Debug */,
				33D9EDB42925011A00F7DF0D /* Release */,
			);
			defaultConfigurationIsVisible = 0;
			defaultConfigurationName = Release;
		};
/* End XCConfigurationList section */
	};
	rootObject = 33D9ED962925011800F7DF0D /* Project object */;
}
